// !$*UTF8*$!
{
	archiveVersion = 1;
	classes = {
	};
	objectVersion = 55;
	objects = {

/* Begin PBXBuildFile section */
		9910A6292718461900791CD8 /* AppDelegate.swift in Sources */ = {isa = PBXBuildFile; fileRef = 9910A6282718461900791CD8 /* AppDelegate.swift */; };
		9910A62D2718461900791CD8 /* Main.html in Resources */ = {isa = PBXBuildFile; fileRef = 9910A62B2718461900791CD8 /* Main.html */; };
		9910A62F2718461900791CD8 /* Icon.png in Resources */ = {isa = PBXBuildFile; fileRef = 9910A62E2718461900791CD8 /* Icon.png */; };
		9910A6312718461900791CD8 /* Style.css in Resources */ = {isa = PBXBuildFile; fileRef = 9910A6302718461900791CD8 /* Style.css */; };
		9910A6332718461900791CD8 /* Script.js in Resources */ = {isa = PBXBuildFile; fileRef = 9910A6322718461900791CD8 /* Script.js */; };
		9910A6352718461900791CD8 /* ViewController.swift in Sources */ = {isa = PBXBuildFile; fileRef = 9910A6342718461900791CD8 /* ViewController.swift */; };
		9910A6382718461900791CD8 /* Main.storyboard in Resources */ = {isa = PBXBuildFile; fileRef = 9910A6362718461900791CD8 /* Main.storyboard */; };
		9910A63A2718461B00791CD8 /* Assets.xcassets in Resources */ = {isa = PBXBuildFile; fileRef = 9910A6392718461B00791CD8 /* Assets.xcassets */; };
		9910A6422718461B00791CD8 /* ExtensionDemo Extension.appex in Embed App Extensions */ = {isa = PBXBuildFile; fileRef = 9910A6412718461B00791CD8 /* ExtensionDemo Extension.appex */; settings = {ATTRIBUTES = (RemoveHeadersOnCopy, ); }; };
		9910A6472718461B00791CD8 /* SafariWebExtensionHandler.swift in Sources */ = {isa = PBXBuildFile; fileRef = 9910A6462718461B00791CD8 /* SafariWebExtensionHandler.swift */; };
		9910A64A2718461B00791CD8 /* _locales in Resources */ = {isa = PBXBuildFile; fileRef = 9910A6492718461B00791CD8 /* _locales */; };
		9910A64C2718461B00791CD8 /* icons in Resources */ = {isa = PBXBuildFile; fileRef = 9910A64B2718461B00791CD8 /* icons */; };
		9910A64E2718461B00791CD8 /* manifest.json in Resources */ = {isa = PBXBuildFile; fileRef = 9910A64D2718461B00791CD8 /* manifest.json */; };
		9910A6502718461B00791CD8 /* background.js in Resources */ = {isa = PBXBuildFile; fileRef = 9910A64F2718461B00791CD8 /* background.js */; };
		9910A6522718461B00791CD8 /* content-script.js in Resources */ = {isa = PBXBuildFile; fileRef = 9910A6512718461B00791CD8 /* content-script.js */; };
		9910A6542718461B00791CD8 /* popup.html in Resources */ = {isa = PBXBuildFile; fileRef = 9910A6532718461B00791CD8 /* popup.html */; };
		9910A6562718461B00791CD8 /* popup.css in Resources */ = {isa = PBXBuildFile; fileRef = 9910A6552718461B00791CD8 /* popup.css */; };
		9910A6652718730700791CD8 /* options.html in Resources */ = {isa = PBXBuildFile; fileRef = 9910A6642718730700791CD8 /* options.html */; };
		9910A667271873A300791CD8 /* global.css in Resources */ = {isa = PBXBuildFile; fileRef = 9910A666271873A300791CD8 /* global.css */; };
		9910A669271873F000791CD8 /* options.js in Resources */ = {isa = PBXBuildFile; fileRef = 9910A668271873F000791CD8 /* options.js */; };
/* End PBXBuildFile section */

/* Begin PBXContainerItemProxy section */
		9910A6432718461B00791CD8 /* PBXContainerItemProxy */ = {
			isa = PBXContainerItemProxy;
			containerPortal = 9910A61D2718461900791CD8 /* Project object */;
			proxyType = 1;
			remoteGlobalIDString = 9910A6402718461B00791CD8;
			remoteInfo = "Save to Reflect Extension";
		};
/* End PBXContainerItemProxy section */

/* Begin PBXCopyFilesBuildPhase section */
		9910A6602718461B00791CD8 /* Embed App Extensions */ = {
			isa = PBXCopyFilesBuildPhase;
			buildActionMask = 2147483647;
			dstPath = "";
			dstSubfolderSpec = 13;
			files = (
				9910A6422718461B00791CD8 /* ExtensionDemo Extension.appex in Embed App Extensions */,
			);
			name = "Embed App Extensions";
			runOnlyForDeploymentPostprocessing = 0;
		};
/* End PBXCopyFilesBuildPhase section */

/* Begin PBXFileReference section */
		9910A6252718461900791CD8 /* ExtensionDemo.app */ = {isa = PBXFileReference; explicitFileType = wrapper.application; includeInIndex = 0; path = ExtensionDemo.app; sourceTree = BUILT_PRODUCTS_DIR; };
		9910A6282718461900791CD8 /* AppDelegate.swift */ = {isa = PBXFileReference; lastKnownFileType = sourcecode.swift; path = AppDelegate.swift; sourceTree = "<group>"; };
		9910A62C2718461900791CD8 /* Base */ = {isa = PBXFileReference; lastKnownFileType = text.html; name = Base; path = ../Base.lproj/Main.html; sourceTree = "<group>"; };
		9910A62E2718461900791CD8 /* Icon.png */ = {isa = PBXFileReference; lastKnownFileType = image.png; path = Icon.png; sourceTree = "<group>"; };
		9910A6302718461900791CD8 /* Style.css */ = {isa = PBXFileReference; lastKnownFileType = text.css; path = Style.css; sourceTree = "<group>"; };
		9910A6322718461900791CD8 /* Script.js */ = {isa = PBXFileReference; lastKnownFileType = sourcecode.javascript; path = Script.js; sourceTree = "<group>"; };
		9910A6342718461900791CD8 /* ViewController.swift */ = {isa = PBXFileReference; lastKnownFileType = sourcecode.swift; path = ViewController.swift; sourceTree = "<group>"; };
		9910A6372718461900791CD8 /* Base */ = {isa = PBXFileReference; lastKnownFileType = file.storyboard; name = Base; path = Base.lproj/Main.storyboard; sourceTree = "<group>"; };
		9910A6392718461B00791CD8 /* Assets.xcassets */ = {isa = PBXFileReference; lastKnownFileType = folder.assetcatalog; path = Assets.xcassets; sourceTree = "<group>"; };
		9910A63C2718461B00791CD8 /* ExtensionDemo.entitlements */ = {isa = PBXFileReference; lastKnownFileType = text.plist.entitlements; path = ExtensionDemo.entitlements; sourceTree = "<group>"; };
		9910A6412718461B00791CD8 /* ExtensionDemo Extension.appex */ = {isa = PBXFileReference; explicitFileType = "wrapper.app-extension"; includeInIndex = 0; path = "ExtensionDemo Extension.appex"; sourceTree = BUILT_PRODUCTS_DIR; };
		9910A6462718461B00791CD8 /* SafariWebExtensionHandler.swift */ = {isa = PBXFileReference; lastKnownFileType = sourcecode.swift; path = SafariWebExtensionHandler.swift; sourceTree = "<group>"; };
		9910A6492718461B00791CD8 /* _locales */ = {isa = PBXFileReference; lastKnownFileType = folder; path = _locales; sourceTree = "<group>"; };
		9910A64B2718461B00791CD8 /* icons */ = {isa = PBXFileReference; lastKnownFileType = folder; path = icons; sourceTree = "<group>"; };
		9910A64D2718461B00791CD8 /* manifest.json */ = {isa = PBXFileReference; lastKnownFileType = text.json; path = manifest.json; sourceTree = "<group>"; };
		9910A64F2718461B00791CD8 /* background.js */ = {isa = PBXFileReference; lastKnownFileType = sourcecode.javascript; path = background.js; sourceTree = "<group>"; };
		9910A6512718461B00791CD8 /* content-script.js */ = {isa = PBXFileReference; lastKnownFileType = sourcecode.javascript; path = "content-script.js"; sourceTree = "<group>"; };
		9910A6532718461B00791CD8 /* popup.html */ = {isa = PBXFileReference; lastKnownFileType = text.html; path = popup.html; sourceTree = "<group>"; };
		9910A6552718461B00791CD8 /* popup.css */ = {isa = PBXFileReference; lastKnownFileType = text.css; path = popup.css; sourceTree = "<group>"; };
		9910A6592718461B00791CD8 /* Info.plist */ = {isa = PBXFileReference; lastKnownFileType = text.plist.xml; path = Info.plist; sourceTree = "<group>"; };
		9910A65A2718461B00791CD8 /* ExtensionDemo Extension.entitlements */ = {isa = PBXFileReference; lastKnownFileType = text.plist.entitlements; path = "ExtensionDemo Extension.entitlements"; sourceTree = "<group>"; };
		9910A6642718730700791CD8 /* options.html */ = {isa = PBXFileReference; fileEncoding = 4; lastKnownFileType = text.html; path = options.html; sourceTree = "<group>"; };
		9910A666271873A300791CD8 /* global.css */ = {isa = PBXFileReference; fileEncoding = 4; lastKnownFileType = text.css; path = global.css; sourceTree = "<group>"; };
		9910A668271873F000791CD8 /* options.js */ = {isa = PBXFileReference; fileEncoding = 4; lastKnownFileType = sourcecode.javascript; path = options.js; sourceTree = "<group>"; };
/* End PBXFileReference section */

/* Begin PBXFrameworksBuildPhase section */
		9910A6222718461900791CD8 /* Frameworks */ = {
			isa = PBXFrameworksBuildPhase;
			buildActionMask = 2147483647;
			files = (
			);
			runOnlyForDeploymentPostprocessing = 0;
		};
		9910A63E2718461B00791CD8 /* Frameworks */ = {
			isa = PBXFrameworksBuildPhase;
			buildActionMask = 2147483647;
			files = (
			);
			runOnlyForDeploymentPostprocessing = 0;
		};
/* End PBXFrameworksBuildPhase section */

/* Begin PBXGroup section */
		9910A61C2718461900791CD8 = {
			isa = PBXGroup;
			children = (
				9910A6272718461900791CD8 /* ExtensionDemo */,
				9910A6452718461B00791CD8 /* ExtensionDemo Extension */,
				9910A6262718461900791CD8 /* Products */,
			);
			sourceTree = "<group>";
		};
		9910A6262718461900791CD8 /* Products */ = {
			isa = PBXGroup;
			children = (
				9910A6252718461900791CD8 /* ExtensionDemo.app */,
				9910A6412718461B00791CD8 /* ExtensionDemo Extension.appex */,
			);
			name = Products;
			sourceTree = "<group>";
		};
		9910A6272718461900791CD8 /* ExtensionDemo */ = {
			isa = PBXGroup;
			children = (
				9910A6282718461900791CD8 /* AppDelegate.swift */,
				9910A6342718461900791CD8 /* ViewController.swift */,
				9910A6362718461900791CD8 /* Main.storyboard */,
				9910A6392718461B00791CD8 /* Assets.xcassets */,
				9910A63C2718461B00791CD8 /* ExtensionDemo.entitlements */,
				9910A62A2718461900791CD8 /* Resources */,
			);
			path = ExtensionDemo;
			sourceTree = "<group>";
		};
		9910A62A2718461900791CD8 /* Resources */ = {
			isa = PBXGroup;
			children = (
				9910A62B2718461900791CD8 /* Main.html */,
				9910A62E2718461900791CD8 /* Icon.png */,
				9910A6302718461900791CD8 /* Style.css */,
				9910A6322718461900791CD8 /* Script.js */,
			);
			path = Resources;
			sourceTree = "<group>";
		};
		9910A6452718461B00791CD8 /* ExtensionDemo Extension */ = {
			isa = PBXGroup;
			children = (
				9910A6462718461B00791CD8 /* SafariWebExtensionHandler.swift */,
				9910A6592718461B00791CD8 /* Info.plist */,
				9910A65A2718461B00791CD8 /* ExtensionDemo Extension.entitlements */,
				9910A6482718461B00791CD8 /* Resources */,
			);
			path = "ExtensionDemo Extension";
			sourceTree = "<group>";
		};
		9910A6482718461B00791CD8 /* Resources */ = {
			isa = PBXGroup;
			children = (
				9910A668271873F000791CD8 /* options.js */,
				9910A666271873A300791CD8 /* global.css */,
				9910A6642718730700791CD8 /* options.html */,
				9910A6492718461B00791CD8 /* _locales */,
				9910A64B2718461B00791CD8 /* icons */,
				9910A64D2718461B00791CD8 /* manifest.json */,
				9910A64F2718461B00791CD8 /* background.js */,
				9910A6512718461B00791CD8 /* content-script.js */,
				9910A6532718461B00791CD8 /* popup.html */,
				9910A6552718461B00791CD8 /* popup.css */,
			);
			path = Resources;
			sourceTree = "<group>";
		};
/* End PBXGroup section */

/* Begin PBXNativeTarget section */
		9910A6242718461900791CD8 /* ExtensionDemo */ = {
			isa = PBXNativeTarget;
			buildConfigurationList = 9910A6612718461B00791CD8 /* Build configuration list for PBXNativeTarget "ExtensionDemo" */;
			buildPhases = (
				9910A6212718461900791CD8 /* Sources */,
				9910A6222718461900791CD8 /* Frameworks */,
				9910A6232718461900791CD8 /* Resources */,
				9910A6602718461B00791CD8 /* Embed App Extensions */,
			);
			buildRules = (
			);
			dependencies = (
				9910A6442718461B00791CD8 /* PBXTargetDependency */,
			);
			name = ExtensionDemo;
			productName = "Save to Reflect";
			productReference = 9910A6252718461900791CD8 /* ExtensionDemo.app */;
			productType = "com.apple.product-type.application";
		};
		9910A6402718461B00791CD8 /* ExtensionDemo Extension */ = {
			isa = PBXNativeTarget;
			buildConfigurationList = 9910A65D2718461B00791CD8 /* Build configuration list for PBXNativeTarget "ExtensionDemo Extension" */;
			buildPhases = (
				9910A63D2718461B00791CD8 /* Sources */,
				9910A63E2718461B00791CD8 /* Frameworks */,
				9910A63F2718461B00791CD8 /* Resources */,
			);
			buildRules = (
			);
			dependencies = (
			);
			name = "ExtensionDemo Extension";
			productName = "Save to Reflect Extension";
			productReference = 9910A6412718461B00791CD8 /* ExtensionDemo Extension.appex */;
			productType = "com.apple.product-type.app-extension";
		};
/* End PBXNativeTarget section */

/* Begin PBXProject section */
		9910A61D2718461900791CD8 /* Project object */ = {
			isa = PBXProject;
			attributes = {
				BuildIndependentTargetsInParallel = 1;
				LastSwiftUpdateCheck = 1300;
				LastUpgradeCheck = 1300;
				TargetAttributes = {
					9910A6242718461900791CD8 = {
						CreatedOnToolsVersion = 13.0;
					};
					9910A6402718461B00791CD8 = {
						CreatedOnToolsVersion = 13.0;
					};
				};
			};
			buildConfigurationList = 9910A6202718461900791CD8 /* Build configuration list for PBXProject "ExtensionDemo" */;
			compatibilityVersion = "Xcode 13.0";
			developmentRegion = en;
			hasScannedForEncodings = 0;
			knownRegions = (
				en,
				Base,
			);
			mainGroup = 9910A61C2718461900791CD8;
			productRefGroup = 9910A6262718461900791CD8 /* Products */;
			projectDirPath = "";
			projectRoot = "";
			targets = (
				9910A6242718461900791CD8 /* ExtensionDemo */,
				9910A6402718461B00791CD8 /* ExtensionDemo Extension */,
			);
		};
/* End PBXProject section */

/* Begin PBXResourcesBuildPhase section */
		9910A6232718461900791CD8 /* Resources */ = {
			isa = PBXResourcesBuildPhase;
			buildActionMask = 2147483647;
			files = (
				9910A62F2718461900791CD8 /* Icon.png in Resources */,
				9910A6382718461900791CD8 /* Main.storyboard in Resources */,
				9910A6332718461900791CD8 /* Script.js in Resources */,
				9910A62D2718461900791CD8 /* Main.html in Resources */,
				9910A63A2718461B00791CD8 /* Assets.xcassets in Resources */,
				9910A6312718461900791CD8 /* Style.css in Resources */,
			);
			runOnlyForDeploymentPostprocessing = 0;
		};
		9910A63F2718461B00791CD8 /* Resources */ = {
			isa = PBXResourcesBuildPhase;
			buildActionMask = 2147483647;
			files = (
				9910A6502718461B00791CD8 /* background.js in Resources */,
				9910A6562718461B00791CD8 /* popup.css in Resources */,
				9910A667271873A300791CD8 /* global.css in Resources */,
				9910A669271873F000791CD8 /* options.js in Resources */,
				9910A6542718461B00791CD8 /* popup.html in Resources */,
				9910A64C2718461B00791CD8 /* icons in Resources */,
				9910A64E2718461B00791CD8 /* manifest.json in Resources */,
				9910A64A2718461B00791CD8 /* _locales in Resources */,
				9910A6522718461B00791CD8 /* content-script.js in Resources */,
				9910A6652718730700791CD8 /* options.html in Resources */,
			);
			runOnlyForDeploymentPostprocessing = 0;
		};
/* End PBXResourcesBuildPhase section */

/* Begin PBXSourcesBuildPhase section */
		9910A6212718461900791CD8 /* Sources */ = {
			isa = PBXSourcesBuildPhase;
			buildActionMask = 2147483647;
			files = (
				9910A6352718461900791CD8 /* ViewController.swift in Sources */,
				9910A6292718461900791CD8 /* AppDelegate.swift in Sources */,
			);
			runOnlyForDeploymentPostprocessing = 0;
		};
		9910A63D2718461B00791CD8 /* Sources */ = {
			isa = PBXSourcesBuildPhase;
			buildActionMask = 2147483647;
			files = (
				9910A6472718461B00791CD8 /* SafariWebExtensionHandler.swift in Sources */,
			);
			runOnlyForDeploymentPostprocessing = 0;
		};
/* End PBXSourcesBuildPhase section */

/* Begin PBXTargetDependency section */
		9910A6442718461B00791CD8 /* PBXTargetDependency */ = {
			isa = PBXTargetDependency;
			target = 9910A6402718461B00791CD8 /* ExtensionDemo Extension */;
			targetProxy = 9910A6432718461B00791CD8 /* PBXContainerItemProxy */;
		};
/* End PBXTargetDependency section */

/* Begin PBXVariantGroup section */
		9910A62B2718461900791CD8 /* Main.html */ = {
			isa = PBXVariantGroup;
			children = (
				9910A62C2718461900791CD8 /* Base */,
			);
			name = Main.html;
			sourceTree = "<group>";
		};
		9910A6362718461900791CD8 /* Main.storyboard */ = {
			isa = PBXVariantGroup;
			children = (
				9910A6372718461900791CD8 /* Base */,
			);
			name = Main.storyboard;
			sourceTree = "<group>";
		};
/* End PBXVariantGroup section */

/* Begin XCBuildConfiguration section */
		9910A65B2718461B00791CD8 /* Debug */ = {
			isa = XCBuildConfiguration;
			buildSettings = {
				ALWAYS_SEARCH_USER_PATHS = NO;
				CLANG_ANALYZER_NONNULL = YES;
				CLANG_ANALYZER_NUMBER_OBJECT_CONVERSION = YES_AGGRESSIVE;
				CLANG_CXX_LANGUAGE_STANDARD = "gnu++17";
				CLANG_CXX_LIBRARY = "libc++";
				CLANG_ENABLE_MODULES = YES;
				CLANG_ENABLE_OBJC_ARC = YES;
				CLANG_ENABLE_OBJC_WEAK = YES;
				CLANG_WARN_BLOCK_CAPTURE_AUTORELEASING = YES;
				CLANG_WARN_BOOL_CONVERSION = YES;
				CLANG_WARN_COMMA = YES;
				CLANG_WARN_CONSTANT_CONVERSION = YES;
				CLANG_WARN_DEPRECATED_OBJC_IMPLEMENTATIONS = YES;
				CLANG_WARN_DIRECT_OBJC_ISA_USAGE = YES_ERROR;
				CLANG_WARN_DOCUMENTATION_COMMENTS = YES;
				CLANG_WARN_EMPTY_BODY = YES;
				CLANG_WARN_ENUM_CONVERSION = YES;
				CLANG_WARN_INFINITE_RECURSION = YES;
				CLANG_WARN_INT_CONVERSION = YES;
				CLANG_WARN_NON_LITERAL_NULL_CONVERSION = YES;
				CLANG_WARN_OBJC_IMPLICIT_RETAIN_SELF = YES;
				CLANG_WARN_OBJC_LITERAL_CONVERSION = YES;
				CLANG_WARN_OBJC_ROOT_CLASS = YES_ERROR;
				CLANG_WARN_QUOTED_INCLUDE_IN_FRAMEWORK_HEADER = YES;
				CLANG_WARN_RANGE_LOOP_ANALYSIS = YES;
				CLANG_WARN_STRICT_PROTOTYPES = YES;
				CLANG_WARN_SUSPICIOUS_MOVE = YES;
				CLANG_WARN_UNGUARDED_AVAILABILITY = YES_AGGRESSIVE;
				CLANG_WARN_UNREACHABLE_CODE = YES;
				CLANG_WARN__DUPLICATE_METHOD_MATCH = YES;
				COPY_PHASE_STRIP = NO;
				DEBUG_INFORMATION_FORMAT = dwarf;
				ENABLE_STRICT_OBJC_MSGSEND = YES;
				ENABLE_TESTABILITY = YES;
				GCC_C_LANGUAGE_STANDARD = gnu11;
				GCC_DYNAMIC_NO_PIC = NO;
				GCC_NO_COMMON_BLOCKS = YES;
				GCC_OPTIMIZATION_LEVEL = 0;
				GCC_PREPROCESSOR_DEFINITIONS = (
					"DEBUG=1",
					"$(inherited)",
				);
				GCC_WARN_64_TO_32_BIT_CONVERSION = YES;
				GCC_WARN_ABOUT_RETURN_TYPE = YES_ERROR;
				GCC_WARN_UNDECLARED_SELECTOR = YES;
				GCC_WARN_UNINITIALIZED_AUTOS = YES_AGGRESSIVE;
				GCC_WARN_UNUSED_FUNCTION = YES;
				GCC_WARN_UNUSED_VARIABLE = YES;
				MACOSX_DEPLOYMENT_TARGET = 11.3;
				MTL_ENABLE_DEBUG_INFO = INCLUDE_SOURCE;
				MTL_FAST_MATH = YES;
				ONLY_ACTIVE_ARCH = YES;
				SDKROOT = macosx;
				SWIFT_ACTIVE_COMPILATION_CONDITIONS = DEBUG;
				SWIFT_OPTIMIZATION_LEVEL = "-Onone";
			};
			name = Debug;
		};
		9910A65C2718461B00791CD8 /* Release */ = {
			isa = XCBuildConfiguration;
			buildSettings = {
				ALWAYS_SEARCH_USER_PATHS = NO;
				CLANG_ANALYZER_NONNULL = YES;
				CLANG_ANALYZER_NUMBER_OBJECT_CONVERSION = YES_AGGRESSIVE;
				CLANG_CXX_LANGUAGE_STANDARD = "gnu++17";
				CLANG_CXX_LIBRARY = "libc++";
				CLANG_ENABLE_MODULES = YES;
				CLANG_ENABLE_OBJC_ARC = YES;
				CLANG_ENABLE_OBJC_WEAK = YES;
				CLANG_WARN_BLOCK_CAPTURE_AUTORELEASING = YES;
				CLANG_WARN_BOOL_CONVERSION = YES;
				CLANG_WARN_COMMA = YES;
				CLANG_WARN_CONSTANT_CONVERSION = YES;
				CLANG_WARN_DEPRECATED_OBJC_IMPLEMENTATIONS = YES;
				CLANG_WARN_DIRECT_OBJC_ISA_USAGE = YES_ERROR;
				CLANG_WARN_DOCUMENTATION_COMMENTS = YES;
				CLANG_WARN_EMPTY_BODY = YES;
				CLANG_WARN_ENUM_CONVERSION = YES;
				CLANG_WARN_INFINITE_RECURSION = YES;
				CLANG_WARN_INT_CONVERSION = YES;
				CLANG_WARN_NON_LITERAL_NULL_CONVERSION = YES;
				CLANG_WARN_OBJC_IMPLICIT_RETAIN_SELF = YES;
				CLANG_WARN_OBJC_LITERAL_CONVERSION = YES;
				CLANG_WARN_OBJC_ROOT_CLASS = YES_ERROR;
				CLANG_WARN_QUOTED_INCLUDE_IN_FRAMEWORK_HEADER = YES;
				CLANG_WARN_RANGE_LOOP_ANALYSIS = YES;
				CLANG_WARN_STRICT_PROTOTYPES = YES;
				CLANG_WARN_SUSPICIOUS_MOVE = YES;
				CLANG_WARN_UNGUARDED_AVAILABILITY = YES_AGGRESSIVE;
				CLANG_WARN_UNREACHABLE_CODE = YES;
				CLANG_WARN__DUPLICATE_METHOD_MATCH = YES;
				COPY_PHASE_STRIP = NO;
				DEBUG_INFORMATION_FORMAT = "dwarf-with-dsym";
				ENABLE_NS_ASSERTIONS = NO;
				ENABLE_STRICT_OBJC_MSGSEND = YES;
				GCC_C_LANGUAGE_STANDARD = gnu11;
				GCC_NO_COMMON_BLOCKS = YES;
				GCC_WARN_64_TO_32_BIT_CONVERSION = YES;
				GCC_WARN_ABOUT_RETURN_TYPE = YES_ERROR;
				GCC_WARN_UNDECLARED_SELECTOR = YES;
				GCC_WARN_UNINITIALIZED_AUTOS = YES_AGGRESSIVE;
				GCC_WARN_UNUSED_FUNCTION = YES;
				GCC_WARN_UNUSED_VARIABLE = YES;
				MACOSX_DEPLOYMENT_TARGET = 11.3;
				MTL_ENABLE_DEBUG_INFO = NO;
				MTL_FAST_MATH = YES;
				SDKROOT = macosx;
				SWIFT_COMPILATION_MODE = wholemodule;
				SWIFT_OPTIMIZATION_LEVEL = "-O";
			};
			name = Release;
		};
		9910A65E2718461B00791CD8 /* Debug */ = {
			isa = XCBuildConfiguration;
			buildSettings = {
				CODE_SIGN_ENTITLEMENTS = "ExtensionDemo Extension/ExtensionDemo Extension.entitlements";
				CODE_SIGN_STYLE = Automatic;
				CURRENT_PROJECT_VERSION = 14;
				DEVELOPMENT_TEAM = 789ULN5MZB;
				ENABLE_HARDENED_RUNTIME = YES;
				GENERATE_INFOPLIST_FILE = YES;
				INFOPLIST_FILE = "ExtensionDemo Extension/Info.plist";
				INFOPLIST_KEY_CFBundleDisplayName = "ExtensionDemo Extension";
				INFOPLIST_KEY_NSHumanReadableCopyright = "";
				LD_RUNPATH_SEARCH_PATHS = (
					"$(inherited)",
					"@executable_path/../Frameworks",
					"@executable_path/../../../../Frameworks",
				);
				MACOSX_DEPLOYMENT_TARGET = 10.14;
				MARKETING_VERSION = 1.5.2;
				OTHER_LDFLAGS = (
					"-framework",
					SafariServices,
				);
				PRODUCT_BUNDLE_IDENTIFIER = app.reflect.ExtensionDemo.Extension;
				PRODUCT_NAME = "$(TARGET_NAME)";
				SKIP_INSTALL = YES;
				SWIFT_EMIT_LOC_STRINGS = YES;
				SWIFT_VERSION = 5.0;
			};
			name = Debug;
		};
		9910A65F2718461B00791CD8 /* Release */ = {
			isa = XCBuildConfiguration;
			buildSettings = {
				CODE_SIGN_ENTITLEMENTS = "ExtensionDemo Extension/ExtensionDemo Extension.entitlements";
				CODE_SIGN_STYLE = Automatic;
				CURRENT_PROJECT_VERSION = 14;
				DEVELOPMENT_TEAM = 789ULN5MZB;
				ENABLE_HARDENED_RUNTIME = YES;
				GENERATE_INFOPLIST_FILE = YES;
				INFOPLIST_FILE = "ExtensionDemo Extension/Info.plist";
				INFOPLIST_KEY_CFBundleDisplayName = "ExtensionDemo Extension";
				INFOPLIST_KEY_NSHumanReadableCopyright = "";
				LD_RUNPATH_SEARCH_PATHS = (
					"$(inherited)",
					"@executable_path/../Frameworks",
					"@executable_path/../../../../Frameworks",
				);
				MACOSX_DEPLOYMENT_TARGET = 10.14;
				MARKETING_VERSION = 1.5.2;
				OTHER_LDFLAGS = (
					"-framework",
					SafariServices,
				);
				PRODUCT_BUNDLE_IDENTIFIER = app.reflect.ExtensionDemo.Extension;
				PRODUCT_NAME = "$(TARGET_NAME)";
				SKIP_INSTALL = YES;
				SWIFT_EMIT_LOC_STRINGS = YES;
				SWIFT_VERSION = 5.0;
			};
			name = Release;
		};
		9910A6622718461B00791CD8 /* Debug */ = {
			isa = XCBuildConfiguration;
			buildSettings = {
				ALWAYS_EMBED_SWIFT_STANDARD_LIBRARIES = YES;
				ASSETCATALOG_COMPILER_APPICON_NAME = AppIcon;
				ASSETCATALOG_COMPILER_GLOBAL_ACCENT_COLOR_NAME = AccentColor;
				CODE_SIGN_ENTITLEMENTS = ExtensionDemo/ExtensionDemo.entitlements;
				CODE_SIGN_STYLE = Automatic;
				COMBINE_HIDPI_IMAGES = YES;
				CURRENT_PROJECT_VERSION = 14;
				DEVELOPMENT_TEAM = 789ULN5MZB;
				ENABLE_HARDENED_RUNTIME = YES;
				GENERATE_INFOPLIST_FILE = YES;
				INFOPLIST_KEY_CFBundleDisplayName = ExtensionDemo;
				INFOPLIST_KEY_LSApplicationCategoryType = "public.app-category.productivity";
				INFOPLIST_KEY_NSHumanReadableCopyright = "";
				INFOPLIST_KEY_NSMainStoryboardFile = Main;
				INFOPLIST_KEY_NSPrincipalClass = NSApplication;
				LD_RUNPATH_SEARCH_PATHS = (
					"$(inherited)",
					"@executable_path/../Frameworks",
				);
				MACOSX_DEPLOYMENT_TARGET = 10.14;
				MARKETING_VERSION = 1.5.2;
				OTHER_LDFLAGS = (
					"-framework",
					SafariServices,
					"-framework",
					WebKit,
				);
				PRODUCT_BUNDLE_IDENTIFIER = app.reflect.ExtensionDemo;
				PRODUCT_NAME = "$(TARGET_NAME)";
				SWIFT_EMIT_LOC_STRINGS = YES;
				SWIFT_VERSION = 5.0;
			};
			name = Debug;
		};
		9910A6632718461B00791CD8 /* Release */ = {
			isa = XCBuildConfiguration;
			buildSettings = {
				ALWAYS_EMBED_SWIFT_STANDARD_LIBRARIES = YES;
				ASSETCATALOG_COMPILER_APPICON_NAME = AppIcon;
				ASSETCATALOG_COMPILER_GLOBAL_ACCENT_COLOR_NAME = AccentColor;
				CODE_SIGN_ENTITLEMENTS = ExtensionDemo/ExtensionDemo.entitlements;
				CODE_SIGN_STYLE = Automatic;
				COMBINE_HIDPI_IMAGES = YES;
				CURRENT_PROJECT_VERSION = 14;
				DEVELOPMENT_TEAM = 789ULN5MZB;
				ENABLE_HARDENED_RUNTIME = YES;
				GENERATE_INFOPLIST_FILE = YES;
				INFOPLIST_KEY_CFBundleDisplayName = ExtensionDemo;
				INFOPLIST_KEY_LSApplicationCategoryType = "public.app-category.productivity";
				INFOPLIST_KEY_NSHumanReadableCopyright = "";
				INFOPLIST_KEY_NSMainStoryboardFile = Main;
				INFOPLIST_KEY_NSPrincipalClass = NSApplication;
				LD_RUNPATH_SEARCH_PATHS = (
					"$(inherited)",
					"@executable_path/../Frameworks",
				);
				MACOSX_DEPLOYMENT_TARGET = 10.14;
				MARKETING_VERSION = 1.5.2;
				OTHER_LDFLAGS = (
					"-framework",
					SafariServices,
					"-framework",
					WebKit,
				);
				PRODUCT_BUNDLE_IDENTIFIER = app.reflect.ExtensionDemo;
				PRODUCT_NAME = "$(TARGET_NAME)";
				SWIFT_EMIT_LOC_STRINGS = YES;
				SWIFT_VERSION = 5.0;
			};
			name = Release;
		};
/* End XCBuildConfiguration section */

/* Begin XCConfigurationList section */
		9910A6202718461900791CD8 /* Build configuration list for PBXProject "ExtensionDemo" */ = {
			isa = XCConfigurationList;
			buildConfigurations = (
				9910A65B2718461B00791CD8 /* Debug */,
				9910A65C2718461B00791CD8 /* Release */,
			);
			defaultConfigurationIsVisible = 0;
			defaultConfigurationName = Release;
		};
		9910A65D2718461B00791CD8 /* Build configuration list for PBXNativeTarget "ExtensionDemo Extension" */ = {
			isa = XCConfigurationList;
			buildConfigurations = (
				9910A65E2718461B00791CD8 /* Debug */,
				9910A65F2718461B00791CD8 /* Release */,
			);
			defaultConfigurationIsVisible = 0;
			defaultConfigurationName = Release;
		};
		9910A6612718461B00791CD8 /* Build configuration list for PBXNativeTarget "ExtensionDemo" */ = {
			isa = XCConfigurationList;
			buildConfigurations = (
				9910A6622718461B00791CD8 /* Debug */,
				9910A6632718461B00791CD8 /* Release */,
			);
			defaultConfigurationIsVisible = 0;
			defaultConfigurationName = Release;
		};
/* End XCConfigurationList section */
	};
	rootObject = 9910A61D2718461900791CD8 /* Project object */;
}
